
Microsoft Visual Studio Solution File, Format Version 12.00
# Visual Studio Version 17
VisualStudioVersion = 17.12.35209.166
MinimumVisualStudioVersion = 10.0.40219.1
Project("{9A19103F-16F7-4668-BE54-9A1E7A4F7556}") = "UnredactV2", "UnredactV2\UnredactV2.csproj", "{DB584082-9301-4482-859F-D7AAC2CD412D}"
EndProject
Project("{FAE04EC0-301F-11D3-BF4B-00C04F79EFBC}") = "UnredactFunctionApp", "UnredactFunctionApp\UnredactFunctionApp.csproj", "{E58912FD-4186-4624-BD67-F29F9BCB5090}"
EndProject
Global
	GlobalSection(SolutionConfigurationPlatforms) = preSolution
		Debug|Any CPU = Debug|Any CPU
		Release|Any CPU = Release|Any CPU
	EndGlobalSection
	GlobalSection(ProjectConfigurationPlatforms) = postSolution
		{DB584082-9301-4482-859F-D7AAC2CD412D}.Debug|Any CPU.ActiveCfg = Debug|Any CPU
		{DB584082-9301-4482-859F-D7AAC2CD412D}.Debug|Any CPU.Build.0 = Debug|Any CPU
		{DB584082-9301-4482-859F-D7AAC2CD412D}.Release|Any CPU.ActiveCfg = Release|Any CPU
		{DB584082-9301-4482-859F-D7AAC2CD412D}.Release|Any CPU.Build.0 = Release|Any CPU
		{E58912FD-4186-4624-BD67-F29F9BCB5090}.Debug|Any CPU.ActiveCfg = Debug|Any CPU
		{E58912FD-4186-4624-BD67-F29F9BCB5090}.Debug|Any CPU.Build.0 = Debug|Any CPU
		{E58912FD-4186-4624-BD67-F29F9BCB5090}.Release|Any CPU.ActiveCfg = Release|Any CPU
		{E58912FD-4186-4624-BD67-F29F9BCB5090}.Release|Any CPU.Build.0 = Release|Any CPU
	EndGlobalSection
	GlobalSection(SolutionProperties) = preSolution
		HideSolutionNode = FALSE
	EndGlobalSection
	GlobalSection(ExtensibilityGlobals) = postSolution
		SolutionGuid = {4F409A1C-44E0-43AA-A6D0-F11EA957C966}
	EndGlobalSection
EndGlobal
